
Microsoft Visual Studio Solution File, Format Version 12.00
# Visual Studio Version 17
VisualStudioVersion = 17.5.33424.131
MinimumVisualStudioVersion = 10.0.40219.1
Project("{9A19103F-16F7-4668-BE54-9A1E7A4F7556}") = "ValidateHighlightEF.Blazor.Server", "ValidateHighlightEF.Blazor.Server\ValidateHighlightEF.Blazor.Server.csproj", "{FE7E4775-2BAE-44A4-AA81-4B56788BB553}"
EndProject
Project("{9A19103F-16F7-4668-BE54-9A1E7A4F7556}") = "ValidateHighlightEF.Module", "ValidateHighlightEF.Module\ValidateHighlightEF.Module.csproj", "{E01619CA-6371-4B53-9157-87805C18A6EC}"
EndProject
Project("{9A19103F-16F7-4668-BE54-9A1E7A4F7556}") = "ValidateHighlightEF.Win", "ValidateHighlightEF.Win\ValidateHighlightEF.Win.csproj", "{108B6FEC-8D8A-4FB0-9AC3-8C59B8F8031F}"
EndProject

Global
	GlobalSection(SolutionConfigurationPlatforms) = preSolution
		Debug|Any CPU = Debug|Any CPU
		EasyTest|Any CPU = EasyTest|Any CPU
		Release|Any CPU = Release|Any CPU
	EndGlobalSection
	GlobalSection(ProjectConfigurationPlatforms) = postSolution
		{E01619CA-6371-4B53-9157-87805C18A6EC}.Debug|Any CPU.ActiveCfg = Debug|Any CPU
		{E01619CA-6371-4B53-9157-87805C18A6EC}.Debug|Any CPU.Build.0 = Debug|Any CPU
		{E01619CA-6371-4B53-9157-87805C18A6EC}.EasyTest|Any CPU.ActiveCfg = EasyTest|Any CPU
		{E01619CA-6371-4B53-9157-87805C18A6EC}.EasyTest|Any CPU.Build.0 = EasyTest|Any CPU
		{E01619CA-6371-4B53-9157-87805C18A6EC}.Release|Any CPU.ActiveCfg = Release|Any CPU
		{E01619CA-6371-4B53-9157-87805C18A6EC}.Release|Any CPU.Build.0 = Release|Any CPU
		{108B6FEC-8D8A-4FB0-9AC3-8C59B8F8031F}.Debug|Any CPU.ActiveCfg = Debug|Any CPU
		{108B6FEC-8D8A-4FB0-9AC3-8C59B8F8031F}.Debug|Any CPU.Build.0 = Debug|Any CPU
		{108B6FEC-8D8A-4FB0-9AC3-8C59B8F8031F}.EasyTest|Any CPU.ActiveCfg = EasyTest|Any CPU
		{108B6FEC-8D8A-4FB0-9AC3-8C59B8F8031F}.EasyTest|Any CPU.Build.0 = EasyTest|Any CPU
		{108B6FEC-8D8A-4FB0-9AC3-8C59B8F8031F}.Release|Any CPU.ActiveCfg = Release|Any CPU
		{108B6FEC-8D8A-4FB0-9AC3-8C59B8F8031F}.Release|Any CPU.Build.0 = Release|Any CPU
		{FE7E4775-2BAE-44A4-AA81-4B56788BB553}.Debug|Any CPU.ActiveCfg = Debug|Any CPU
		{FE7E4775-2BAE-44A4-AA81-4B56788BB553}.Debug|Any CPU.Build.0 = Debug|Any CPU
		{FE7E4775-2BAE-44A4-AA81-4B56788BB553}.EasyTest|Any CPU.ActiveCfg = EasyTest|Any CPU
		{FE7E4775-2BAE-44A4-AA81-4B56788BB553}.EasyTest|Any CPU.Build.0 = EasyTest|Any CPU
		{FE7E4775-2BAE-44A4-AA81-4B56788BB553}.Release|Any CPU.ActiveCfg = Release|Any CPU
		{FE7E4775-2BAE-44A4-AA81-4B56788BB553}.Release|Any CPU.Build.0 = Release|Any CPU
	EndGlobalSection
	GlobalSection(SolutionProperties) = preSolution
		HideSolutionNode = FALSE
	EndGlobalSection
EndGlobal
