
Microsoft Visual Studio Solution File, Format Version 12.00
# Visual Studio Version 17
VisualStudioVersion = 17.5.33424.131
MinimumVisualStudioVersion = 10.0.40219.1
Project("{9A19103F-16F7-4668-BE54-9A1E7A4F7556}") = "ValidateHighlight.Blazor.Server", "ValidateHighlight.Blazor.Server\ValidateHighlight.Blazor.Server.csproj", "{2C6E6BD3-3D87-4EA3-8007-60B9C75C847F}"
EndProject
Project("{9A19103F-16F7-4668-BE54-9A1E7A4F7556}") = "ValidateHighlight.Module", "ValidateHighlight.Module\ValidateHighlight.Module.csproj", "{F1149E16-7B01-46D1-B823-A760AA7AE818}"
EndProject
Project("{9A19103F-16F7-4668-BE54-9A1E7A4F7556}") = "ValidateHighlight.Win", "ValidateHighlight.Win\ValidateHighlight.Win.csproj", "{FAF6C3CC-7840-4EF1-B567-E660321082A5}"
EndProject
Global
	GlobalSection(SolutionConfigurationPlatforms) = preSolution
		Debug|Any CPU = Debug|Any CPU
		EasyTest|Any CPU = EasyTest|Any CPU
		Release|Any CPU = Release|Any CPU
	EndGlobalSection
	GlobalSection(ProjectConfigurationPlatforms) = postSolution
		{F1149E16-7B01-46D1-B823-A760AA7AE818}.Debug|Any CPU.ActiveCfg = Debug|Any CPU
		{F1149E16-7B01-46D1-B823-A760AA7AE818}.Debug|Any CPU.Build.0 = Debug|Any CPU
		{F1149E16-7B01-46D1-B823-A760AA7AE818}.EasyTest|Any CPU.ActiveCfg = EasyTest|Any CPU
		{F1149E16-7B01-46D1-B823-A760AA7AE818}.EasyTest|Any CPU.Build.0 = EasyTest|Any CPU
		{F1149E16-7B01-46D1-B823-A760AA7AE818}.Release|Any CPU.ActiveCfg = Release|Any CPU
		{F1149E16-7B01-46D1-B823-A760AA7AE818}.Release|Any CPU.Build.0 = Release|Any CPU
		{FAF6C3CC-7840-4EF1-B567-E660321082A5}.Debug|Any CPU.ActiveCfg = Debug|Any CPU
		{FAF6C3CC-7840-4EF1-B567-E660321082A5}.Debug|Any CPU.Build.0 = Debug|Any CPU
		{FAF6C3CC-7840-4EF1-B567-E660321082A5}.EasyTest|Any CPU.ActiveCfg = EasyTest|Any CPU
		{FAF6C3CC-7840-4EF1-B567-E660321082A5}.EasyTest|Any CPU.Build.0 = EasyTest|Any CPU
		{FAF6C3CC-7840-4EF1-B567-E660321082A5}.Release|Any CPU.ActiveCfg = Release|Any CPU
		{FAF6C3CC-7840-4EF1-B567-E660321082A5}.Release|Any CPU.Build.0 = Release|Any CPU
		{2C6E6BD3-3D87-4EA3-8007-60B9C75C847F}.Debug|Any CPU.ActiveCfg = Debug|Any CPU
		{2C6E6BD3-3D87-4EA3-8007-60B9C75C847F}.Debug|Any CPU.Build.0 = Debug|Any CPU
		{2C6E6BD3-3D87-4EA3-8007-60B9C75C847F}.EasyTest|Any CPU.ActiveCfg = EasyTest|Any CPU
		{2C6E6BD3-3D87-4EA3-8007-60B9C75C847F}.EasyTest|Any CPU.Build.0 = EasyTest|Any CPU
		{2C6E6BD3-3D87-4EA3-8007-60B9C75C847F}.Release|Any CPU.ActiveCfg = Release|Any CPU
		{2C6E6BD3-3D87-4EA3-8007-60B9C75C847F}.Release|Any CPU.Build.0 = Release|Any CPU
	EndGlobalSection
	GlobalSection(SolutionProperties) = preSolution
		HideSolutionNode = FALSE
	EndGlobalSection
	GlobalSection(ExtensibilityGlobals) = postSolution
		SolutionGuid = {4F668C3B-BD1A-4FAC-9903-4104BDEC9116}
	EndGlobalSection
EndGlobal
